{
  "nodes": {
    "darwin": {
      "inputs": {
        "nixpkgs": [
          "nixpkgs"
        ]
      },
      "locked": {
        "lastModified": 1767718503,
        "narHash": "sha256-V+VkFs0aSG0ca8p/N3gib7FAf4cq9jyr5Gm+ZBrHQpo=",
        "owner": "nix-darwin",
        "repo": "nix-darwin",
        "rev": "9f48ffaca1f44b3e590976b4da8666a9e86e6eb1",
        "type": "github"
      },
      "original": {
        "owner": "nix-darwin",
        "repo": "nix-darwin",
        "type": "github"
      }
    },
    "flake-utils": {
      "inputs": {
        "systems": "systems"
      },
      "locked": {
        "lastModified": 1731533236,
        "narHash": "sha256-l0KFg5HjrsfsO/JpG+r7fRrqm12kzFHyUHqHCVpMMbI=",
        "owner": "numtide",
        "repo": "flake-utils",
        "rev": "11707dc2f618dd54ca8739b309ec4fc024de578b",
        "type": "github"
      },
      "original": {
        "owner": "numtide",
        "repo": "flake-utils",
        "type": "github"
      }
    },
    "home-manager": {
      "inputs": {
        "nixpkgs": [
          "nixpkgs"
        ]
      },
      "locked": {
        "lastModified": 1767930051,
        "narHash": "sha256-YXtqo8h5bAbqC64XAPMMsZdYk8XkwkyNj/7XOsIyVf8=",
        "owner": "nix-community",
        "repo": "home-manager",
        "rev": "297a08510894822ddd93ee2cfc66d6ac65a3cebb",
        "type": "github"
      },
      "original": {
        "owner": "nix-community",
        "repo": "home-manager",
        "type": "github"
      }
    },
    "lazyvim": {
      "inputs": {
        "flake-utils": "flake-utils",
        "nixpkgs": "nixpkgs"
      },
      "locked": {
        "lastModified": 1767723471,
        "narHash": "sha256-3rYPeWlQseBP6xuGS4+HzkyjB1uS4l+xsaSslU7nUdk=",
        "owner": "pfassina",
        "repo": "lazyvim-nix",
        "rev": "b635476dfffca1530edb9c926cbd3026079d0d12",
        "type": "github"
      },
      "original": {
        "owner": "pfassina",
        "repo": "lazyvim-nix",
        "type": "github"
      }
    },
    "nixpkgs": {
      "locked": {
        "lastModified": 1752480373,
        "narHash": "sha256-JHQbm+OcGp32wAsXTE/FLYGNpb+4GLi5oTvCxwSoBOA=",
        "owner": "NixOS",
        "repo": "nixpkgs",
        "rev": "62e0f05ede1da0d54515d4ea8ce9c733f12d9f08",
        "type": "github"
      },
      "original": {
        "owner": "NixOS",
        "ref": "nixos-unstable",
        "repo": "nixpkgs",
        "type": "github"
      }
    },
    "nixpkgs_2": {
      "locked": {
        "lastModified": 1767767207,
        "narHash": "sha256-Mj3d3PfwltLmukFal5i3fFt27L6NiKXdBezC1EBuZs4=",
        "owner": "nixos",
        "repo": "nixpkgs",
        "rev": "5912c1772a44e31bf1c63c0390b90501e5026886",
        "type": "github"
      },
      "original": {
        "owner": "nixos",
        "ref": "nixos-unstable",
        "repo": "nixpkgs",
        "type": "github"
      }
    },
    "root": {
      "inputs": {
        "darwin": "darwin",
        "home-manager": "home-manager",
        "lazyvim": "lazyvim",
        "nixpkgs": "nixpkgs_2"
      }
    },
    "systems": {
      "locked": {
        "lastModified": 1681028828,
        "narHash": "sha256-Vy1rq5AaRuLzOxct8nz4T6wlgyUR7zLU309k9mBC768=",
        "owner": "nix-systems",
        "repo": "default",
        "rev": "da67096a3b9bf56a91d16901293e51ba5b49a27e",
        "type": "github"
      },
      "original": {
        "owner": "nix-systems",
        "repo": "default",
        "type": "github"
      }
    }
  },
  "root": "root",
  "version": 7
}
